<?xml version="1.0" encoding="utf-8"?>
<Project ToolsVersion="4.0" xmlns="http://schemas.microsoft.com/developer/msbuild/2003">
  <ItemGroup>
    <Filter Include="소스 파일">
      <UniqueIdentifier>{4FC737F1-C7A5-4376-A066-2A32D752A2FF}</UniqueIdentifier>
      <Extensions>cpp;c;cc;cxx;def;odl;idl;hpj;bat;asm;asmx</Extensions>
    </Filter>
    <Filter Include="헤더 파일">
      <UniqueIdentifier>{93995380-89BD-4b04-88EB-625FBE52EBFB}</UniqueIdentifier>
      <Extensions>h;hh;hpp;hxx;hm;inl;inc;xsd</Extensions>
    </Filter>
    <Filter Include="리소스 파일">
      <UniqueIdentifier>{67DA6AB6-F800-4c08-8B7A-83BB121AAD01}</UniqueIdentifier>
      <Extensions>rc;ico;cur;bmp;dlg;rc2;rct;bin;rgs;gif;jpg;jpeg;jpe;resx;tiff;tif;png;wav;mfcribbon-ms</Extensions>
    </Filter>
    <Filter Include="소스 파일\00.MainGame">
      <UniqueIdentifier>{a0cf5534-8e7c-4b54-988c-d5836831ccd1}</UniqueIdentifier>
    </Filter>
    <Filter Include="소스 파일\99.Mgr">
      <UniqueIdentifier>{2fb49e65-786e-4f1d-91f8-4d3b4aa09c08}</UniqueIdentifier>
    </Filter>
    <Filter Include="소스 파일\99.Mgr\01.ObjMgr">
      <UniqueIdentifier>{90f5dce9-00b4-4166-906d-23709bd8aa05}</UniqueIdentifier>
    </Filter>
    <Filter Include="소스 파일\99.Mgr\02.LineMgr">
      <UniqueIdentifier>{72ecb752-6eb7-448d-a1f8-6cb224e2b692}</UniqueIdentifier>
    </Filter>
    <Filter Include="소스 파일\99.Mgr\03.ScrollMgr">
      <UniqueIdentifier>{925ddc36-9ebd-420e-ac16-89a25c55b939}</UniqueIdentifier>
    </Filter>
    <Filter Include="소스 파일\99.Mgr\04.CollisionMgr">
      <UniqueIdentifier>{c6f062f4-e05a-4e99-8522-96f73b7f4a48}</UniqueIdentifier>
    </Filter>
    <Filter Include="소스 파일\99.Mgr\05.SceneMgr">
      <UniqueIdentifier>{b97c183c-2c7d-49ac-b1b3-725697e84e8b}</UniqueIdentifier>
    </Filter>
    <Filter Include="소스 파일\01.Obj">
      <UniqueIdentifier>{f3765a2b-d5b7-442c-977c-461a1d350e0a}</UniqueIdentifier>
    </Filter>
    <Filter Include="소스 파일\02.Line">
      <UniqueIdentifier>{0897c133-b312-4854-953c-42d5d3579c97}</UniqueIdentifier>
    </Filter>
    <Filter Include="소스 파일\98.Scene">
      <UniqueIdentifier>{43d64d02-ef5a-4ab9-a1c7-c05feeba86a7}</UniqueIdentifier>
    </Filter>
    <Filter Include="소스 파일\99.Mgr\06.KeyMgr">
      <UniqueIdentifier>{ba34ffbf-5cfa-4d00-a25c-2bee3c4c93e3}</UniqueIdentifier>
    </Filter>
    <Filter Include="소스 파일\99.Mgr\99.GrephicDevice">
      <UniqueIdentifier>{01546eec-731e-4371-8f8c-d1c6e2accf88}</UniqueIdentifier>
    </Filter>
    <Filter Include="소스 파일\98.Scene\01.Stage">
      <UniqueIdentifier>{c7640c9b-6e7c-47f2-b434-ea533c745907}</UniqueIdentifier>
    </Filter>
    <Filter Include="소스 파일\01.Obj\01.Player">
      <UniqueIdentifier>{b593697c-fcb0-4a50-8bfc-65f131e5ed8f}</UniqueIdentifier>
    </Filter>
    <Filter Include="소스 파일\01.Obj\02.Bullet">
      <UniqueIdentifier>{00aa41fe-7d78-485e-995f-c4ae6df9fef9}</UniqueIdentifier>
    </Filter>
    <Filter Include="소스 파일\01.Obj\03.Monster">
      <UniqueIdentifier>{7b511357-06ca-4ef1-bc16-8dbddf39ef6e}</UniqueIdentifier>
    </Filter>
    <Filter Include="소스 파일\01.Obj\04.Item">
      <UniqueIdentifier>{995153a8-799d-42cd-86a8-3d1d5ba14bc6}</UniqueIdentifier>
    </Filter>
    <Filter Include="소스 파일\01.Obj\03.Monster\01.TestMon">
      <UniqueIdentifier>{b825cb42-40a0-442a-8b18-f40fe7df9531}</UniqueIdentifier>
    </Filter>
  </ItemGroup>
  <ItemGroup>
    <Text Include="ReadMe.txt" />
  </ItemGroup>
  <ItemGroup>
    <ClInclude Include="stdafx.h">
      <Filter>헤더 파일</Filter>
    </ClInclude>
    <ClInclude Include="Resource.h">
      <Filter>리소스 파일</Filter>
    </ClInclude>
    <ClInclude Include="targetver.h">
      <Filter>리소스 파일</Filter>
    </ClInclude>
    <ClInclude Include="Win32Project2.h">
      <Filter>리소스 파일</Filter>
    </ClInclude>
    <ClInclude Include="MainGame.h">
      <Filter>소스 파일\00.MainGame</Filter>
    </ClInclude>
    <ClInclude Include="Obj.h">
      <Filter>소스 파일\01.Obj</Filter>
    </ClInclude>
    <ClInclude Include="Line.h">
      <Filter>소스 파일\02.Line</Filter>
    </ClInclude>
    <ClInclude Include="Scene.h">
      <Filter>소스 파일\98.Scene</Filter>
    </ClInclude>
    <ClInclude Include="ObjMgr.h">
      <Filter>소스 파일\99.Mgr\01.ObjMgr</Filter>
    </ClInclude>
    <ClInclude Include="LineMgr.h">
      <Filter>소스 파일\99.Mgr\02.LineMgr</Filter>
    </ClInclude>
    <ClInclude Include="SceneMgr.h">
      <Filter>소스 파일\99.Mgr\05.SceneMgr</Filter>
    </ClInclude>
    <ClInclude Include="KeyMgr.h">
      <Filter>소스 파일\99.Mgr\06.KeyMgr</Filter>
    </ClInclude>
    <ClInclude Include="Stage.h">
      <Filter>소스 파일\98.Scene\01.Stage</Filter>
    </ClInclude>
    <ClInclude Include="Player.h">
      <Filter>소스 파일\01.Obj\01.Player</Filter>
    </ClInclude>
    <ClInclude Include="CollisionMgr.h">
      <Filter>소스 파일\99.Mgr\04.CollisionMgr</Filter>
    </ClInclude>
    <ClInclude Include="Monster.h">
      <Filter>소스 파일\01.Obj\03.Monster</Filter>
    </ClInclude>
    <ClInclude Include="TestMon.h">
      <Filter>소스 파일\01.Obj\03.Monster\01.TestMon</Filter>
    </ClInclude>
  </ItemGroup>
  <ItemGroup>
    <ClCompile Include="Win32Project2.cpp">
      <Filter>소스 파일</Filter>
    </ClCompile>
    <ClCompile Include="MainGame.cpp">
      <Filter>소스 파일\00.MainGame</Filter>
    </ClCompile>
    <ClCompile Include="Obj.cpp">
      <Filter>소스 파일\01.Obj</Filter>
    </ClCompile>
    <ClCompile Include="stdafx.cpp">
      <Filter>헤더 파일</Filter>
    </ClCompile>
    <ClCompile Include="Line.cpp">
      <Filter>소스 파일\02.Line</Filter>
    </ClCompile>
    <ClCompile Include="Scene.cpp">
      <Filter>소스 파일\98.Scene</Filter>
    </ClCompile>
    <ClCompile Include="ObjMgr.cpp">
      <Filter>소스 파일\99.Mgr\01.ObjMgr</Filter>
    </ClCompile>
    <ClCompile Include="LineMgr.cpp">
      <Filter>소스 파일\99.Mgr\02.LineMgr</Filter>
    </ClCompile>
    <ClCompile Include="SceneMgr.cpp">
      <Filter>소스 파일\99.Mgr\05.SceneMgr</Filter>
    </ClCompile>
    <ClCompile Include="KeyMgr.cpp">
      <Filter>소스 파일\99.Mgr\06.KeyMgr</Filter>
    </ClCompile>
    <ClCompile Include="Stage.cpp">
      <Filter>소스 파일\98.Scene\01.Stage</Filter>
    </ClCompile>
    <ClCompile Include="Player.cpp">
      <Filter>소스 파일\01.Obj\01.Player</Filter>
    </ClCompile>
    <ClCompile Include="CollisionMgr.cpp">
      <Filter>소스 파일\99.Mgr\04.CollisionMgr</Filter>
    </ClCompile>
    <ClCompile Include="Monster.cpp">
      <Filter>소스 파일\01.Obj\03.Monster</Filter>
    </ClCompile>
    <ClCompile Include="TestMon.cpp">
      <Filter>소스 파일\01.Obj\03.Monster\01.TestMon</Filter>
    </ClCompile>
    <ClCompile Include="test.cpp">
      <Filter>소스 파일\01.Obj\01.Player</Filter>
    </ClCompile>
  </ItemGroup>
  <ItemGroup>
    <ResourceCompile Include="Win32Project2.rc">
      <Filter>리소스 파일</Filter>
    </ResourceCompile>
  </ItemGroup>
  <ItemGroup>
    <Image Include="small.ico">
      <Filter>리소스 파일</Filter>
    </Image>
    <Image Include="Win32Project2.ico">
      <Filter>리소스 파일</Filter>
    </Image>
  </ItemGroup>
</Project>