<?xml version="1.0" encoding="utf-8"?>
<Project ToolsVersion="4.0" xmlns="http://schemas.microsoft.com/developer/msbuild/2003">
  <ItemGroup>
    <Filter Include="소스 파일">
      <UniqueIdentifier>{4FC737F1-C7A5-4376-A066-2A32D752A2FF}</UniqueIdentifier>
      <Extensions>cpp;c;cc;cxx;def;odl;idl;hpj;bat;asm;asmx</Extensions>
    </Filter>
    <Filter Include="리소스 파일">
      <UniqueIdentifier>{67DA6AB6-F800-4c08-8B7A-83BB121AAD01}</UniqueIdentifier>
      <Extensions>rc;ico;cur;bmp;dlg;rc2;rct;bin;rgs;gif;jpg;jpeg;jpe;resx;tiff;tif;png;wav;mfcribbon-ms</Extensions>
    </Filter>
    <Filter Include="소스 파일\00.MainGame">
      <UniqueIdentifier>{a0cf5534-8e7c-4b54-988c-d5836831ccd1}</UniqueIdentifier>
    </Filter>
    <Filter Include="소스 파일\99.Mgr">
      <UniqueIdentifier>{2fb49e65-786e-4f1d-91f8-4d3b4aa09c08}</UniqueIdentifier>
    </Filter>
    <Filter Include="소스 파일\99.Mgr\01.ObjMgr">
      <UniqueIdentifier>{90f5dce9-00b4-4166-906d-23709bd8aa05}</UniqueIdentifier>
    </Filter>
    <Filter Include="소스 파일\99.Mgr\02.LineMgr">
      <UniqueIdentifier>{72ecb752-6eb7-448d-a1f8-6cb224e2b692}</UniqueIdentifier>
    </Filter>
    <Filter Include="소스 파일\99.Mgr\03.ScrollMgr">
      <UniqueIdentifier>{925ddc36-9ebd-420e-ac16-89a25c55b939}</UniqueIdentifier>
    </Filter>
    <Filter Include="소스 파일\99.Mgr\04.CollisionMgr">
      <UniqueIdentifier>{c6f062f4-e05a-4e99-8522-96f73b7f4a48}</UniqueIdentifier>
    </Filter>
    <Filter Include="소스 파일\99.Mgr\05.SceneMgr">
      <UniqueIdentifier>{b97c183c-2c7d-49ac-b1b3-725697e84e8b}</UniqueIdentifier>
    </Filter>
    <Filter Include="소스 파일\01.Obj">
      <UniqueIdentifier>{f3765a2b-d5b7-442c-977c-461a1d350e0a}</UniqueIdentifier>
    </Filter>
    <Filter Include="소스 파일\02.Line">
      <UniqueIdentifier>{0897c133-b312-4854-953c-42d5d3579c97}</UniqueIdentifier>
    </Filter>
    <Filter Include="소스 파일\98.Scene">
      <UniqueIdentifier>{43d64d02-ef5a-4ab9-a1c7-c05feeba86a7}</UniqueIdentifier>
    </Filter>
    <Filter Include="소스 파일\99.Mgr\06.KeyMgr">
      <UniqueIdentifier>{ba34ffbf-5cfa-4d00-a25c-2bee3c4c93e3}</UniqueIdentifier>
    </Filter>
    <Filter Include="소스 파일\99.Mgr\99.GrephicDevice">
      <UniqueIdentifier>{01546eec-731e-4371-8f8c-d1c6e2accf88}</UniqueIdentifier>
    </Filter>
    <Filter Include="소스 파일\98.Scene\01.Stage">
      <UniqueIdentifier>{c7640c9b-6e7c-47f2-b434-ea533c745907}</UniqueIdentifier>
    </Filter>
    <Filter Include="소스 파일\01.Obj\01.Player">
      <UniqueIdentifier>{b593697c-fcb0-4a50-8bfc-65f131e5ed8f}</UniqueIdentifier>
    </Filter>
    <Filter Include="소스 파일\01.Obj\02.Bullet">
      <UniqueIdentifier>{00aa41fe-7d78-485e-995f-c4ae6df9fef9}</UniqueIdentifier>
    </Filter>
    <Filter Include="소스 파일\01.Obj\03.Monster">
      <UniqueIdentifier>{7b511357-06ca-4ef1-bc16-8dbddf39ef6e}</UniqueIdentifier>
    </Filter>
    <Filter Include="소스 파일\01.Obj\04.Item">
      <UniqueIdentifier>{995153a8-799d-42cd-86a8-3d1d5ba14bc6}</UniqueIdentifier>
    </Filter>
    <Filter Include="소스 파일\01.Obj\03.Monster\01.TestMon">
      <UniqueIdentifier>{b825cb42-40a0-442a-8b18-f40fe7df9531}</UniqueIdentifier>
    </Filter>
    <Filter Include="소스 파일\01.Obj\05.MapObj">
      <UniqueIdentifier>{8873fb3c-b92b-4707-be16-accbcf8fe77e}</UniqueIdentifier>
    </Filter>
    <Filter Include="소스 파일\01.Obj\05.MapObj\DownObj">
      <UniqueIdentifier>{acd35b98-ee14-4618-b6d8-454af3717075}</UniqueIdentifier>
    </Filter>
    <Filter Include="소스 파일\01.Obj\05.MapObj\Tile">
      <UniqueIdentifier>{5febfce5-fd27-44a3-944e-110ac1629837}</UniqueIdentifier>
    </Filter>
    <Filter Include="소스 파일\99.Mgr\98.Texture_Manager">
      <UniqueIdentifier>{a5288055-e70d-4235-994f-a69acbf1c636}</UniqueIdentifier>
    </Filter>
    <Filter Include="소스 파일\99.Mgr\98.Texture_Manager\Texture">
      <UniqueIdentifier>{bd12bad7-da21-4e28-b7cf-e14dd5c82f2c}</UniqueIdentifier>
    </Filter>
    <Filter Include="소스 파일\99.Mgr\98.Texture_Manager\Single_Texture">
      <UniqueIdentifier>{d015a398-2acd-4021-baff-93fd31d64c87}</UniqueIdentifier>
    </Filter>
    <Filter Include="소스 파일\99.Mgr\98.Texture_Manager\Multi_Texture">
      <UniqueIdentifier>{20beb657-5077-4110-b25d-53e313b76bd5}</UniqueIdentifier>
    </Filter>
    <Filter Include="소스 파일\98.Scene\02.Editor">
      <UniqueIdentifier>{5e66bba3-c7dc-41ee-b7b1-16a04cc437dc}</UniqueIdentifier>
    </Filter>
    <Filter Include="소스 파일\99.Mgr\07.TileMgr">
      <UniqueIdentifier>{fcf292e4-dedb-480c-b928-230a6ecb9b05}</UniqueIdentifier>
    </Filter>
    <Filter Include="소스 파일\99.Mgr\97.DataMgr">
      <UniqueIdentifier>{042a660b-41ac-419f-a118-be8f428b8c94}</UniqueIdentifier>
    </Filter>
    <Filter Include="소스 파일\99.Mgr\96.BckMgr">
      <UniqueIdentifier>{8cc73372-5424-4fbf-9194-0dcab82e3d48}</UniqueIdentifier>
    </Filter>
    <Filter Include="소스 파일\01.Obj\05.MapObj\BkGround">
      <UniqueIdentifier>{ae713de2-ee38-4027-8d11-bfead03efc49}</UniqueIdentifier>
    </Filter>
    <Filter Include="소스 파일\99.Mgr\01.ObjMgr\02.MapObjMgr">
      <UniqueIdentifier>{a39af479-f923-48ec-8c67-c0131096696f}</UniqueIdentifier>
    </Filter>
    <Filter Include="소스 파일\99.Mgr\01.ObjMgr\01.MonObjMgr">
      <UniqueIdentifier>{c9f0b071-22ae-4898-aeb9-197b0c26757f}</UniqueIdentifier>
    </Filter>
    <Filter Include="소스 파일\01.Obj\02.Bullet\Linear_Bullet">
      <UniqueIdentifier>{e93dea80-102b-4b3e-9615-25c3206b1b81}</UniqueIdentifier>
    </Filter>
    <Filter Include="소스 파일\01.Obj\02.Bullet\Guided_Bullet">
      <UniqueIdentifier>{4f5cc179-7f39-4da5-ae3d-978d81941df7}</UniqueIdentifier>
    </Filter>
    <Filter Include="소스 파일\01.Obj\03.Monster\Normal_Monster">
      <UniqueIdentifier>{59fe8341-76c8-4aa6-8460-40cf986eb281}</UniqueIdentifier>
    </Filter>
    <Filter Include="소스 파일\01.Obj\03.Monster\Jump_Monster">
      <UniqueIdentifier>{4dae835d-2b2e-4731-a0ab-359705ad45cd}</UniqueIdentifier>
    </Filter>
    <Filter Include="소스 파일\01.Obj\04.Item\01.PItem">
      <UniqueIdentifier>{212f4f39-7ae2-4076-b464-ee7eb577fe36}</UniqueIdentifier>
    </Filter>
    <Filter Include="소스 파일\03.UI">
      <UniqueIdentifier>{8067a72e-39e0-42a1-8e2a-d66933963fb6}</UniqueIdentifier>
    </Filter>
    <Filter Include="소스 파일\99.Mgr\08.UIMgr">
      <UniqueIdentifier>{285c0d98-042e-4499-9a9f-6246ce2e83a8}</UniqueIdentifier>
    </Filter>
    <Filter Include="소스 파일\03.UI\01.Life">
      <UniqueIdentifier>{01851340-9490-4c8b-97d6-0bc5a0693665}</UniqueIdentifier>
    </Filter>
    <Filter Include="소스 파일\03.UI\02.Score">
      <UniqueIdentifier>{e38e9474-783f-4d36-bc8a-2d3d96134efd}</UniqueIdentifier>
    </Filter>
    <Filter Include="소스 파일\03.UI\03.Inven">
      <UniqueIdentifier>{f1a226fa-9051-48b5-a36b-aee2f7b3f1ad}</UniqueIdentifier>
    </Filter>
    <Filter Include="소스 파일\01.Obj\04.Item\02.GunItem">
      <UniqueIdentifier>{bf932658-511f-4590-aedc-e630b5570b09}</UniqueIdentifier>
    </Filter>
    <Filter Include="소스 파일\01.Obj\04.Item\03.GuideItem">
      <UniqueIdentifier>{e056bdd5-cf4b-4504-a73f-1e810b74b53f}</UniqueIdentifier>
    </Filter>
    <Filter Include="소스 파일\01.Obj\02.Bullet\Melee">
      <UniqueIdentifier>{f8d1765f-3280-4f2d-ae3e-47ab38450783}</UniqueIdentifier>
    </Filter>
    <Filter Include="소스 파일\01.Obj\05.MapObj\DownObj\DownSword">
      <UniqueIdentifier>{77908bbe-f89a-4e4a-ba83-1199036a5c24}</UniqueIdentifier>
    </Filter>
    <Filter Include="소스 파일\01.Obj\05.MapObj\DownObj\Triangle">
      <UniqueIdentifier>{ffbed3eb-ff18-4361-aa46-0ea46072547f}</UniqueIdentifier>
    </Filter>
    <Filter Include="소스 파일\01.Obj\05.MapObj\DownObj\Totem">
      <UniqueIdentifier>{442e40d3-854d-4dc8-be71-444b3d365376}</UniqueIdentifier>
    </Filter>
    <Filter Include="소스 파일\01.Obj\05.MapObj\DownObj\MoveTri">
      <UniqueIdentifier>{1a121170-1cc0-45e0-b07d-341f2bff3afe}</UniqueIdentifier>
    </Filter>
    <Filter Include="소스 파일\01.Obj\03.Monster\Boss">
      <UniqueIdentifier>{86a1ec0b-56e6-49be-9623-5d594551d86a}</UniqueIdentifier>
    </Filter>
    <Filter Include="헤더 파일">
      <UniqueIdentifier>{93995380-89BD-4b04-88EB-625FBE52EBFB}</UniqueIdentifier>
      <Extensions>h;hh;hpp;hxx;hm;inl;inc;xsd</Extensions>
    </Filter>
    <Filter Include="소스 파일\99.Mgr\01.ObjMgr\03.ItemObjMgr">
      <UniqueIdentifier>{26bfa232-fadf-4bc4-a15f-651208b8700c}</UniqueIdentifier>
    </Filter>
  </ItemGroup>
  <ItemGroup>
    <Text Include="ReadMe.txt" />
  </ItemGroup>
  <ItemGroup>
    <ClInclude Include="stdafx.h">
      <Filter>헤더 파일</Filter>
    </ClInclude>
    <ClInclude Include="Resource.h">
      <Filter>리소스 파일</Filter>
    </ClInclude>
    <ClInclude Include="targetver.h">
      <Filter>리소스 파일</Filter>
    </ClInclude>
    <ClInclude Include="Win32Project2.h">
      <Filter>리소스 파일</Filter>
    </ClInclude>
    <ClInclude Include="MainGame.h">
      <Filter>소스 파일\00.MainGame</Filter>
    </ClInclude>
    <ClInclude Include="Obj.h">
      <Filter>소스 파일\01.Obj</Filter>
    </ClInclude>
    <ClInclude Include="Line.h">
      <Filter>소스 파일\02.Line</Filter>
    </ClInclude>
    <ClInclude Include="Scene.h">
      <Filter>소스 파일\98.Scene</Filter>
    </ClInclude>
    <ClInclude Include="ObjMgr.h">
      <Filter>소스 파일\99.Mgr\01.ObjMgr</Filter>
    </ClInclude>
    <ClInclude Include="LineMgr.h">
      <Filter>소스 파일\99.Mgr\02.LineMgr</Filter>
    </ClInclude>
    <ClInclude Include="SceneMgr.h">
      <Filter>소스 파일\99.Mgr\05.SceneMgr</Filter>
    </ClInclude>
    <ClInclude Include="KeyMgr.h">
      <Filter>소스 파일\99.Mgr\06.KeyMgr</Filter>
    </ClInclude>
    <ClInclude Include="Stage.h">
      <Filter>소스 파일\98.Scene\01.Stage</Filter>
    </ClInclude>
    <ClInclude Include="Player.h">
      <Filter>소스 파일\01.Obj\01.Player</Filter>
    </ClInclude>
    <ClInclude Include="CollisionMgr.h">
      <Filter>소스 파일\99.Mgr\04.CollisionMgr</Filter>
    </ClInclude>
    <ClInclude Include="Monster.h">
      <Filter>소스 파일\01.Obj\03.Monster</Filter>
    </ClInclude>
    <ClInclude Include="TestMon.h">
      <Filter>소스 파일\01.Obj\03.Monster\01.TestMon</Filter>
    </ClInclude>
    <ClInclude Include="ScrollMgr.h">
      <Filter>소스 파일\99.Mgr\03.ScrollMgr</Filter>
    </ClInclude>
    <ClInclude Include="Tile.h">
      <Filter>소스 파일\01.Obj\05.MapObj\Tile</Filter>
    </ClInclude>
    <ClInclude Include="Graphic_Device.h">
      <Filter>소스 파일\99.Mgr\99.GrephicDevice</Filter>
    </ClInclude>
    <ClInclude Include="Texture_Manager.h">
      <Filter>소스 파일\99.Mgr\98.Texture_Manager</Filter>
    </ClInclude>
    <ClInclude Include="Texture.h">
      <Filter>소스 파일\99.Mgr\98.Texture_Manager\Texture</Filter>
    </ClInclude>
    <ClInclude Include="MultiTexture.h">
      <Filter>소스 파일\99.Mgr\98.Texture_Manager\Multi_Texture</Filter>
    </ClInclude>
    <ClInclude Include="SingleTexture.h">
      <Filter>소스 파일\99.Mgr\98.Texture_Manager\Single_Texture</Filter>
    </ClInclude>
    <ClInclude Include="Editor.h">
      <Filter>소스 파일\98.Scene\02.Editor</Filter>
    </ClInclude>
    <ClInclude Include="TileMgr.h">
      <Filter>소스 파일\99.Mgr\07.TileMgr</Filter>
    </ClInclude>
    <ClInclude Include="DataMgr.h">
      <Filter>소스 파일\99.Mgr\97.DataMgr</Filter>
    </ClInclude>
    <ClInclude Include="BckGround.h">
      <Filter>소스 파일\01.Obj\05.MapObj\BkGround</Filter>
    </ClInclude>
    <ClInclude Include="BckMgr.h">
      <Filter>소스 파일\99.Mgr\96.BckMgr</Filter>
    </ClInclude>
    <ClInclude Include="MapObjMgr.h">
      <Filter>소스 파일\99.Mgr\01.ObjMgr\02.MapObjMgr</Filter>
    </ClInclude>
    <ClInclude Include="MonObjMgr.h">
      <Filter>소스 파일\99.Mgr\01.ObjMgr\01.MonObjMgr</Filter>
    </ClInclude>
    <ClInclude Include="Bullet.h">
      <Filter>소스 파일\01.Obj\02.Bullet</Filter>
    </ClInclude>
    <ClInclude Include="Linear_Bullet.h">
      <Filter>소스 파일\01.Obj\02.Bullet\Linear_Bullet</Filter>
    </ClInclude>
    <ClInclude Include="Guided_Bullet.h">
      <Filter>소스 파일\01.Obj\02.Bullet\Guided_Bullet</Filter>
    </ClInclude>
    <ClInclude Include="Normal_Monster.h">
      <Filter>소스 파일\01.Obj\03.Monster\Normal_Monster</Filter>
    </ClInclude>
    <ClInclude Include="Jump_Monster.h">
      <Filter>소스 파일\01.Obj\03.Monster\Jump_Monster</Filter>
    </ClInclude>
    <ClInclude Include="Item.h">
      <Filter>소스 파일\01.Obj\04.Item</Filter>
    </ClInclude>
    <ClInclude Include="PItem.h">
      <Filter>소스 파일\01.Obj\04.Item\01.PItem</Filter>
    </ClInclude>
    <ClInclude Include="UI.h">
      <Filter>소스 파일\03.UI</Filter>
    </ClInclude>
    <ClInclude Include="UIMgr.h">
      <Filter>소스 파일\99.Mgr\08.UIMgr</Filter>
    </ClInclude>
    <ClInclude Include="Life.h">
      <Filter>소스 파일\03.UI\01.Life</Filter>
    </ClInclude>
    <ClInclude Include="Score.h">
      <Filter>소스 파일\03.UI\02.Score</Filter>
    </ClInclude>
    <ClInclude Include="Inven.h">
      <Filter>소스 파일\03.UI\03.Inven</Filter>
    </ClInclude>
    <ClInclude Include="GunItem.h">
      <Filter>소스 파일\01.Obj\04.Item\02.GunItem</Filter>
    </ClInclude>
    <ClInclude Include="GuideItem.h">
      <Filter>소스 파일\01.Obj\04.Item\03.GuideItem</Filter>
    </ClInclude>
    <ClInclude Include="Melee.h">
      <Filter>소스 파일\01.Obj\02.Bullet\Melee</Filter>
    </ClInclude>
    <ClInclude Include="MapObj.h">
      <Filter>소스 파일\01.Obj\05.MapObj</Filter>
    </ClInclude>
    <ClInclude Include="DownSword.h">
      <Filter>소스 파일\01.Obj\05.MapObj\DownObj\DownSword</Filter>
    </ClInclude>
    <ClInclude Include="MapTriangle.h">
      <Filter>소스 파일\01.Obj\05.MapObj\DownObj\Triangle</Filter>
    </ClInclude>
    <ClInclude Include="MoveTri.h">
      <Filter>소스 파일\01.Obj\05.MapObj\DownObj\MoveTri</Filter>
    </ClInclude>
    <ClInclude Include="Totem.h">
      <Filter>소스 파일\01.Obj\05.MapObj\DownObj\Totem</Filter>
    </ClInclude>
    <ClInclude Include="Boss.h">
      <Filter>소스 파일\01.Obj\03.Monster\Boss</Filter>
    </ClInclude>
    <ClInclude Include="ItemObjMgr.h">
      <Filter>소스 파일\99.Mgr\01.ObjMgr\03.ItemObjMgr</Filter>
    </ClInclude>
  </ItemGroup>
  <ItemGroup>
    <ClCompile Include="MainGame.cpp">
      <Filter>소스 파일\00.MainGame</Filter>
    </ClCompile>
    <ClCompile Include="Obj.cpp">
      <Filter>소스 파일\01.Obj</Filter>
    </ClCompile>
    <ClCompile Include="stdafx.cpp">
      <Filter>헤더 파일</Filter>
    </ClCompile>
    <ClCompile Include="Line.cpp">
      <Filter>소스 파일\02.Line</Filter>
    </ClCompile>
    <ClCompile Include="Scene.cpp">
      <Filter>소스 파일\98.Scene</Filter>
    </ClCompile>
    <ClCompile Include="ObjMgr.cpp">
      <Filter>소스 파일\99.Mgr\01.ObjMgr</Filter>
    </ClCompile>
    <ClCompile Include="LineMgr.cpp">
      <Filter>소스 파일\99.Mgr\02.LineMgr</Filter>
    </ClCompile>
    <ClCompile Include="SceneMgr.cpp">
      <Filter>소스 파일\99.Mgr\05.SceneMgr</Filter>
    </ClCompile>
    <ClCompile Include="KeyMgr.cpp">
      <Filter>소스 파일\99.Mgr\06.KeyMgr</Filter>
    </ClCompile>
    <ClCompile Include="Stage.cpp">
      <Filter>소스 파일\98.Scene\01.Stage</Filter>
    </ClCompile>
    <ClCompile Include="Player.cpp">
      <Filter>소스 파일\01.Obj\01.Player</Filter>
    </ClCompile>
    <ClCompile Include="CollisionMgr.cpp">
      <Filter>소스 파일\99.Mgr\04.CollisionMgr</Filter>
    </ClCompile>
    <ClCompile Include="Monster.cpp">
      <Filter>소스 파일\01.Obj\03.Monster</Filter>
    </ClCompile>
    <ClCompile Include="TestMon.cpp">
      <Filter>소스 파일\01.Obj\03.Monster\01.TestMon</Filter>
    </ClCompile>
    <ClCompile Include="ScrollMgr.cpp">
      <Filter>소스 파일\99.Mgr\03.ScrollMgr</Filter>
    </ClCompile>
    <ClCompile Include="Tile.cpp">
      <Filter>소스 파일\01.Obj\05.MapObj\Tile</Filter>
    </ClCompile>
    <ClCompile Include="Win32Project2.cpp">
      <Filter>헤더 파일</Filter>
    </ClCompile>
    <ClCompile Include="Graphic_Device.cpp">
      <Filter>소스 파일\99.Mgr\99.GrephicDevice</Filter>
    </ClCompile>
    <ClCompile Include="Texture_Manager.cpp">
      <Filter>소스 파일\99.Mgr\98.Texture_Manager</Filter>
    </ClCompile>
    <ClCompile Include="Texture.cpp">
      <Filter>소스 파일\99.Mgr\98.Texture_Manager\Texture</Filter>
    </ClCompile>
    <ClCompile Include="MultiTexture.cpp">
      <Filter>소스 파일\99.Mgr\98.Texture_Manager\Multi_Texture</Filter>
    </ClCompile>
    <ClCompile Include="SingleTexture.cpp">
      <Filter>소스 파일\99.Mgr\98.Texture_Manager\Single_Texture</Filter>
    </ClCompile>
    <ClCompile Include="Editor.cpp">
      <Filter>소스 파일\98.Scene\02.Editor</Filter>
    </ClCompile>
    <ClCompile Include="TileMgr.cpp">
      <Filter>소스 파일\99.Mgr\07.TileMgr</Filter>
    </ClCompile>
    <ClCompile Include="DataMgr.cpp">
      <Filter>소스 파일\99.Mgr\97.DataMgr</Filter>
    </ClCompile>
    <ClCompile Include="BckGround.cpp">
      <Filter>소스 파일\01.Obj\05.MapObj\BkGround</Filter>
    </ClCompile>
    <ClCompile Include="BckMgr.cpp">
      <Filter>소스 파일\99.Mgr\96.BckMgr</Filter>
    </ClCompile>
    <ClCompile Include="MapObjMgr.cpp">
      <Filter>소스 파일\99.Mgr\01.ObjMgr\02.MapObjMgr</Filter>
    </ClCompile>
    <ClCompile Include="MonObjMgr.cpp">
      <Filter>소스 파일\99.Mgr\01.ObjMgr\01.MonObjMgr</Filter>
    </ClCompile>
    <ClCompile Include="Bullet.cpp">
      <Filter>소스 파일\01.Obj\02.Bullet</Filter>
    </ClCompile>
    <ClCompile Include="Linear_Bullet.cpp">
      <Filter>소스 파일\01.Obj\02.Bullet\Linear_Bullet</Filter>
    </ClCompile>
    <ClCompile Include="Guided_Bullet.cpp">
      <Filter>소스 파일\01.Obj\02.Bullet\Guided_Bullet</Filter>
    </ClCompile>
    <ClCompile Include="Normal_Monster.cpp">
      <Filter>소스 파일\01.Obj\03.Monster\Normal_Monster</Filter>
    </ClCompile>
    <ClCompile Include="Jump_Monster.cpp">
      <Filter>소스 파일\01.Obj\03.Monster\Jump_Monster</Filter>
    </ClCompile>
    <ClCompile Include="Item.cpp">
      <Filter>소스 파일\01.Obj\04.Item</Filter>
    </ClCompile>
    <ClCompile Include="PItem.cpp">
      <Filter>소스 파일\01.Obj\04.Item\01.PItem</Filter>
    </ClCompile>
    <ClCompile Include="UI.cpp">
      <Filter>소스 파일\03.UI</Filter>
    </ClCompile>
    <ClCompile Include="UIMgr.cpp">
      <Filter>소스 파일\99.Mgr\08.UIMgr</Filter>
    </ClCompile>
    <ClCompile Include="Life.cpp">
      <Filter>소스 파일\03.UI\01.Life</Filter>
    </ClCompile>
    <ClCompile Include="Score.cpp">
      <Filter>소스 파일\03.UI\02.Score</Filter>
    </ClCompile>
    <ClCompile Include="Inven.cpp">
      <Filter>소스 파일\03.UI\03.Inven</Filter>
    </ClCompile>
    <ClCompile Include="GunItem.cpp">
      <Filter>소스 파일\01.Obj\04.Item\02.GunItem</Filter>
    </ClCompile>
    <ClCompile Include="GuideItem.cpp">
      <Filter>소스 파일\01.Obj\04.Item\03.GuideItem</Filter>
    </ClCompile>
    <ClCompile Include="Melee.cpp">
      <Filter>소스 파일\01.Obj\02.Bullet\Melee</Filter>
    </ClCompile>
    <ClCompile Include="MapObj.cpp">
      <Filter>소스 파일\01.Obj\05.MapObj</Filter>
    </ClCompile>
    <ClCompile Include="DownSword.cpp">
      <Filter>소스 파일\01.Obj\05.MapObj\DownObj\DownSword</Filter>
    </ClCompile>
    <ClCompile Include="MapTriangle.cpp">
      <Filter>소스 파일\01.Obj\05.MapObj\DownObj\Triangle</Filter>
    </ClCompile>
    <ClCompile Include="MoveTri.cpp">
      <Filter>소스 파일\01.Obj\05.MapObj\DownObj\MoveTri</Filter>
    </ClCompile>
    <ClCompile Include="Totem.cpp">
      <Filter>소스 파일\01.Obj\05.MapObj\DownObj\Totem</Filter>
    </ClCompile>
    <ClCompile Include="Boss.cpp">
      <Filter>소스 파일\01.Obj\03.Monster\Boss</Filter>
    </ClCompile>
    <ClCompile Include="ItemObjMgr.cpp">
      <Filter>소스 파일\99.Mgr\01.ObjMgr\03.ItemObjMgr</Filter>
    </ClCompile>
  </ItemGroup>
  <ItemGroup>
    <ResourceCompile Include="Win32Project2.rc">
      <Filter>리소스 파일</Filter>
    </ResourceCompile>
  </ItemGroup>
  <ItemGroup>
    <Image Include="small.ico">
      <Filter>리소스 파일</Filter>
    </Image>
    <Image Include="Win32Project2.ico">
      <Filter>리소스 파일</Filter>
    </Image>
  </ItemGroup>
</Project>